{
  "name": "boo-wysiwyg-e",
  "version": "0.8.3",
  "lockfileVersion": 1,
  "requires": true,
  "dependencies": {
    "@material/animation": {
      "version": "3.1.0",
      "resolved": "https://registry.npmjs.org/@material/animation/-/animation-3.1.0.tgz",
      "integrity": "sha512-ZfP95awrPBLhpaCTPNx+xKYPp2D88fzf5p5YNVp6diUAGRpq3g12Aq7qJfIHDXAFo5CtrYhgOKRqIKxUVcFisQ==",
      "requires": {
        "tslib": "^1.9.3"
      }
    },
    "@material/base": {
      "version": "3.1.0",
      "resolved": "https://registry.npmjs.org/@material/base/-/base-3.1.0.tgz",
      "integrity": "sha512-pWEBHyPrMV3rdnjqWWH96h5t3MxQI6V1J9jOor+UBG7bXQtr6InTabTqhz5CLY7r+qZU8YvNh2OKIy8heP0cyQ==",
      "requires": {
        "tslib": "^1.9.3"
      }
    },
    "@material/button": {
      "version": "3.1.0",
      "resolved": "https://registry.npmjs.org/@material/button/-/button-3.1.0.tgz",
      "integrity": "sha512-DBx3UYtvh8/Vn8/2oDrwrpkyGQrZCElcbkJy8CnZtftbb1P5qVKGvXqEeoND3d0AWTIwdKDYbX3X0zSXQUe3iA==",
      "requires": {
        "@material/elevation": "^3.1.0",
        "@material/feature-targeting": "^3.1.0",
        "@material/ripple": "^3.1.0",
        "@material/rtl": "^3.1.0",
        "@material/shape": "^3.1.0",
        "@material/theme": "^3.1.0",
        "@material/typography": "^3.1.0"
      }
    },
    "@material/dom": {
      "version": "3.1.0",
      "resolved": "https://registry.npmjs.org/@material/dom/-/dom-3.1.0.tgz",
      "integrity": "sha512-RtBLSkrBjMfHwknaGBifAIC8cBWF9pXjz2IYqfI2braB6SfQI4vhdJviwyiA5BmA/psn3cKpBUZbHI0ym0O0SQ==",
      "requires": {
        "tslib": "^1.9.3"
      }
    },
    "@material/elevation": {
      "version": "3.1.0",
      "resolved": "https://registry.npmjs.org/@material/elevation/-/elevation-3.1.0.tgz",
      "integrity": "sha512-e45LqiG6LfbR1M52YkSLA7pQPeYJOuOVzLp27xy2072TnLuJexMxhEaG4O1novEIjsTtMjqfrfJ/koODU5vEew==",
      "requires": {
        "@material/animation": "^3.1.0",
        "@material/feature-targeting": "^3.1.0",
        "@material/theme": "^3.1.0"
      }
    },
    "@material/feature-targeting": {
      "version": "3.1.0",
      "resolved": "https://registry.npmjs.org/@material/feature-targeting/-/feature-targeting-3.1.0.tgz",
      "integrity": "sha512-aXAa1Pv6w32URacE9LfMsl9zI6hFwx1K0Lp3Xpyf4rAkmaAB6z0gOkhicOrVFc0f64YheJgHjE7hJFieVenQdw=="
    },
    "@material/floating-label": {
      "version": "3.1.0",
      "resolved": "https://registry.npmjs.org/@material/floating-label/-/floating-label-3.1.0.tgz",
      "integrity": "sha512-dzV/h7EjEMQmiDOdL0h7kETRRrqFC+e8M5KDxnJZ3j/Gbp6JzvXrpvZwwf/DkBK6Sl6xcScmAyGKMjXRXS1O1Q==",
      "requires": {
        "@material/animation": "^3.1.0",
        "@material/base": "^3.1.0",
        "@material/rtl": "^3.1.0",
        "@material/theme": "^3.1.0",
        "@material/typography": "^3.1.0",
        "tslib": "^1.9.3"
      }
    },
    "@material/icon-button": {
      "version": "3.2.0",
      "resolved": "https://registry.npmjs.org/@material/icon-button/-/icon-button-3.2.0.tgz",
      "integrity": "sha512-UTX1q4x5FxntBeb5TxBsXIjbhwFjQxJxovaUGo8+eUL9V9tU6rJ3NnlrFirx9gZnFIU1Xpssm91NCItVZy/Dpg==",
      "requires": {
        "@material/base": "^3.1.0",
        "@material/feature-targeting": "^3.1.0",
        "@material/ripple": "^3.2.0",
        "@material/theme": "^3.1.0",
        "tslib": "^1.9.3"
      },
      "dependencies": {
        "@material/ripple": {
          "version": "3.2.0",
          "resolved": "https://registry.npmjs.org/@material/ripple/-/ripple-3.2.0.tgz",
          "integrity": "sha512-GtwkfNakALmfGLs6TpdFIVeAWjRqbyT7WfEw9aU7elUokABfHES+O0KoSKQSMQiSQ8Vjl90MONzNsN1Evi/1YQ==",
          "requires": {
            "@material/animation": "^3.1.0",
            "@material/base": "^3.1.0",
            "@material/dom": "^3.1.0",
            "@material/feature-targeting": "^3.1.0",
            "@material/theme": "^3.1.0",
            "tslib": "^1.9.3"
          }
        }
      }
    },
    "@material/line-ripple": {
      "version": "3.1.0",
      "resolved": "https://registry.npmjs.org/@material/line-ripple/-/line-ripple-3.1.0.tgz",
      "integrity": "sha512-o6E6wrDqoOK4esCnM1MQ9t7DC/JQrzSrwYsYdqtOpGnr3G5Jx7WWVt6GEVh2eNXy8OnVYkJdQbMjyPVEVJb/Dg==",
      "requires": {
        "@material/animation": "^3.1.0",
        "@material/base": "^3.1.0",
        "@material/theme": "^3.1.0",
        "tslib": "^1.9.3"
      }
    },
    "@material/mwc-base": {
      "version": "0.8.0",
      "resolved": "https://registry.npmjs.org/@material/mwc-base/-/mwc-base-0.8.0.tgz",
      "integrity": "sha512-9qyC6eOKduzHaKmo6p5x53OAw2+mCB4t5roesqYiOUL8lJ8ZVssDczQvzSAKOcRd4JY8RyTgtpJFjBrScmWz8g==",
      "requires": {
        "@material/base": "^3.0.0",
        "@material/dom": "^3.1.0",
        "lit-element": "^2.2.1",
        "lit-html": "^1.0.0",
        "tslib": "^1.10.0"
      }
    },
    "@material/mwc-button": {
      "version": "0.8.0",
      "resolved": "https://registry.npmjs.org/@material/mwc-button/-/mwc-button-0.8.0.tgz",
      "integrity": "sha512-f4BelOfCFVlNJuNQuO9nImYv21STPg4iStrzG7N11ptACFj6TxuOR9ghT9xAHHIL26RIySGq/N+eAy9nuFynIQ==",
      "requires": {
        "@material/button": "^3.0.0",
        "@material/mwc-base": "^0.8.0",
        "@material/mwc-icon": "^0.8.0",
        "@material/mwc-ripple": "^0.8.0",
        "tslib": "^1.10.0"
      }
    },
    "@material/mwc-floating-label": {
      "version": "0.8.0",
      "resolved": "https://registry.npmjs.org/@material/mwc-floating-label/-/mwc-floating-label-0.8.0.tgz",
      "integrity": "sha512-j8aducK+TnPcUQ80sECEuwlZZhKhzJutbi6KwWIjZPPctE0BuP7k26Gl6SnhSswrHAgcd1okVr61pBWkGGCrPQ==",
      "requires": {
        "@material/floating-label": "^3.0.0",
        "lit-html": "^1.0.0",
        "tslib": "^1.10.0"
      }
    },
    "@material/mwc-icon": {
      "version": "0.8.0",
      "resolved": "https://registry.npmjs.org/@material/mwc-icon/-/mwc-icon-0.8.0.tgz",
      "integrity": "sha512-jhSol1nV1KzxTXm82q16/Rzfy8epmfLehL2L0+mOCGvka4VUL/GJkjfbaKJMKwQWjXAgaOzHX7D9vVyr3EA5wg==",
      "requires": {
        "@material/mwc-base": "^0.8.0",
        "tslib": "^1.10.0"
      }
    },
    "@material/mwc-icon-button": {
      "version": "0.8.0",
      "resolved": "https://registry.npmjs.org/@material/mwc-icon-button/-/mwc-icon-button-0.8.0.tgz",
      "integrity": "sha512-SnB5NURf5alNGhrzwKaLDMIKuWhY/sbqPVsAw5rmJ1n3DcC2/UAgRKzvMePnwe/gQcSnHcE6VxMEWDAticfedw==",
      "requires": {
        "@material/icon-button": "^3.0.0",
        "@material/mwc-base": "^0.8.0",
        "@material/mwc-icon": "^0.8.0",
        "@material/mwc-ripple": "^0.8.0",
        "tslib": "^1.10.0"
      }
    },
    "@material/mwc-line-ripple": {
      "version": "0.8.0",
      "resolved": "https://registry.npmjs.org/@material/mwc-line-ripple/-/mwc-line-ripple-0.8.0.tgz",
      "integrity": "sha512-81P4tcOANzLI8x6+uiHJV7oCHMNcrw5+rS/mvx9PFmRfKKLGSJtw2BIBp1mMGwdbOb0PvPZqbJOQQFpn7qK50A==",
      "requires": {
        "@material/line-ripple": "^3.0.0",
        "lit-html": "^1.0.0",
        "tslib": "^1.10.0"
      }
    },
    "@material/mwc-notched-outline": {
      "version": "0.8.0",
      "resolved": "https://registry.npmjs.org/@material/mwc-notched-outline/-/mwc-notched-outline-0.8.0.tgz",
      "integrity": "sha512-YvtkcU6CKoq6z7gUQHl3yetgpxB0r4EzCFitaXf369QjuhI3/hfwTJyS9rGhM4tktpJrSQcQLXIpaTJ9Wb5tBQ==",
      "requires": {
        "@material/mwc-base": "^0.8.0",
        "@material/notched-outline": "^3.0.0",
        "@material/shape": "^3.0.0",
        "@material/theme": "^3.0.0",
        "tslib": "^1.10.0"
      }
    },
    "@material/mwc-ripple": {
      "version": "0.8.0",
      "resolved": "https://registry.npmjs.org/@material/mwc-ripple/-/mwc-ripple-0.8.0.tgz",
      "integrity": "sha512-hJL+8xNunE+GUk+dtgeIVL9BJM5QPl5uyIufxzGEbVu+pmUfVDml+3HQLapO6Q5MQZMZpO4tDNwJNx9HOAo5KQ==",
      "requires": {
        "@material/dom": "^3.1.0",
        "@material/mwc-base": "^0.8.0",
        "@material/ripple": "^3.0.0",
        "lit-html": "^1.0.0",
        "tslib": "^1.10.0"
      }
    },
    "@material/mwc-textfield": {
      "version": "0.8.0",
      "resolved": "https://registry.npmjs.org/@material/mwc-textfield/-/mwc-textfield-0.8.0.tgz",
      "integrity": "sha512-WMNvvpAa/UPi7t+465idlYnaiPf0eRN/Pn5CILOmZvc6Xibse8ivFq+jWrqUDm4nFOKn2pARcOM/w242ud92FQ==",
      "requires": {
        "@material/floating-label": "^3.0.0",
        "@material/mwc-base": "^0.8.0",
        "@material/mwc-floating-label": "^0.8.0",
        "@material/mwc-icon": "^0.8.0",
        "@material/mwc-line-ripple": "^0.8.0",
        "@material/mwc-notched-outline": "^0.8.0",
        "@material/shape": "^3.0.0",
        "@material/textfield": "^3.0.0",
        "@material/theme": "^3.0.0",
        "lit-html": "^1.0.0",
        "tslib": "^1.10.0"
      }
    },
    "@material/notched-outline": {
      "version": "3.1.0",
      "resolved": "https://registry.npmjs.org/@material/notched-outline/-/notched-outline-3.1.0.tgz",
      "integrity": "sha512-2kuWzBrRj+acUEllsh6w2XK3JRizT3oSx15vsEmYY8dVW8GuFSPjorNL69RpM/4cFhdBoeA9sk62YHI34qiGMw==",
      "requires": {
        "@material/animation": "^3.1.0",
        "@material/base": "^3.1.0",
        "@material/floating-label": "^3.1.0",
        "@material/rtl": "^3.1.0",
        "@material/shape": "^3.1.0",
        "@material/theme": "^3.1.0",
        "tslib": "^1.9.3"
      }
    },
    "@material/ripple": {
      "version": "3.1.0",
      "resolved": "https://registry.npmjs.org/@material/ripple/-/ripple-3.1.0.tgz",
      "integrity": "sha512-mYvd2iWbQyVd6aLS9alHShoL05p/D0cvh5h1ga3atz55azooMLhGsbbE1YlEqUDKHKNuNvdVFm+0IfWdvvRgsw==",
      "requires": {
        "@material/animation": "^3.1.0",
        "@material/base": "^3.1.0",
        "@material/dom": "^3.1.0",
        "@material/feature-targeting": "^3.1.0",
        "@material/theme": "^3.1.0",
        "tslib": "^1.9.3"
      }
    },
    "@material/rtl": {
      "version": "3.1.0",
      "resolved": "https://registry.npmjs.org/@material/rtl/-/rtl-3.1.0.tgz",
      "integrity": "sha512-HH19edQNb139zC+1SZ6/C9G92E54fUrnnW9AAF7t5eGjGdF26YJXJ/uhz+TnFhNUMi/QGrKUSycd4o73nU1m4A=="
    },
    "@material/shape": {
      "version": "3.1.0",
      "resolved": "https://registry.npmjs.org/@material/shape/-/shape-3.1.0.tgz",
      "integrity": "sha512-Oyvs7YjHfByA0e9IVVp7ojAlPwgSu3Bl0cioiE0OdkidkAaNu0izM2ryRzMBDH5o8+lRD0kpZoT+9CVVCdaYIg==",
      "requires": {
        "@material/feature-targeting": "^3.1.0"
      }
    },
    "@material/textfield": {
      "version": "3.1.0",
      "resolved": "https://registry.npmjs.org/@material/textfield/-/textfield-3.1.0.tgz",
      "integrity": "sha512-yHCRU8POsOb03hGSoPwOpW2mm+lteqHOBJlFUidouNCdXshdrgR6w0J/tGQgbKPcQqEwd3vPlhia61bh40GR9Q==",
      "requires": {
        "@material/animation": "^3.1.0",
        "@material/base": "^3.1.0",
        "@material/dom": "^3.1.0",
        "@material/floating-label": "^3.1.0",
        "@material/line-ripple": "^3.1.0",
        "@material/notched-outline": "^3.1.0",
        "@material/ripple": "^3.1.0",
        "@material/rtl": "^3.1.0",
        "@material/shape": "^3.1.0",
        "@material/theme": "^3.1.0",
        "@material/typography": "^3.1.0",
        "tslib": "^1.9.3"
      }
    },
    "@material/theme": {
      "version": "3.1.0",
      "resolved": "https://registry.npmjs.org/@material/theme/-/theme-3.1.0.tgz",
      "integrity": "sha512-N4JX+akOwg1faAvFvIEhDcwW4cZfUpwEn8lct6Vs3WczjLF6/KdIoLVaYh+eVl1bzfsoIuWvx56j0B1PjXZw9g==",
      "requires": {
        "@material/feature-targeting": "^3.1.0"
      }
    },
    "@material/typography": {
      "version": "3.1.0",
      "resolved": "https://registry.npmjs.org/@material/typography/-/typography-3.1.0.tgz",
      "integrity": "sha512-aSNBQvVxIH1kORSYdLGuSTivx6oJ1MSOSTUAsUwhXPQLQlvbdFeZaqUp7xgn+EvRsHGRFhWk5YGuiBds9+7zQg==",
      "requires": {
        "@material/feature-targeting": "^3.1.0"
      }
    },
    "@polymer/app-layout": {
      "version": "3.0.2",
      "resolved": "https://registry.npmjs.org/@polymer/app-layout/-/app-layout-3.0.2.tgz",
      "integrity": "sha512-qKcQHj72uGxGoetjnNQ7pg4F6Da4U5jKBzZy0VRmDuZMUPDmtIqHaIgC5K6B4y+xUag0gkV9ce72Q3hNaK9y+g==",
      "dev": true,
      "requires": {
        "@polymer/iron-flex-layout": "^3.0.0-pre.26",
        "@polymer/iron-media-query": "^3.0.0-pre.26",
        "@polymer/iron-resizable-behavior": "^3.0.0-pre.26",
        "@polymer/iron-scroll-target-behavior": "^3.0.0-pre.26",
        "@polymer/polymer": "^3.0.0"
      }
    },
    "@polymer/font-roboto": {
      "version": "3.0.2",
      "resolved": "https://registry.npmjs.org/@polymer/font-roboto/-/font-roboto-3.0.2.tgz",
      "integrity": "sha512-tx5TauYSmzsIvmSqepUPDYbs4/Ejz2XbZ1IkD7JEGqkdNUJlh+9KU85G56Tfdk/xjEZ8zorFfN09OSwiMrIQWA==",
      "dev": true
    },
    "@polymer/iron-demo-helpers": {
      "version": "3.1.0",
      "resolved": "https://registry.npmjs.org/@polymer/iron-demo-helpers/-/iron-demo-helpers-3.1.0.tgz",
      "integrity": "sha512-C+U9ghRnjluJNLIga7r30YGNuQeCu7E7mOOcjgWOL/bMfWvrnbr2TcYoO4DXHO6NdUfV6daGtRA1VwG3d8H39g==",
      "dev": true,
      "requires": {
        "@polymer/font-roboto": "^3.0.0-pre.25",
        "@polymer/iron-flex-layout": "^3.0.0-pre.25",
        "@polymer/iron-location": "^3.0.0-pre.25",
        "@polymer/marked-element": "^3.0.0-pre.25",
        "@polymer/polymer": "^3.0.0",
        "@polymer/prism-element": "^3.0.0-pre.25"
      }
    },
    "@polymer/iron-flex-layout": {
      "version": "3.0.1",
      "resolved": "https://registry.npmjs.org/@polymer/iron-flex-layout/-/iron-flex-layout-3.0.1.tgz",
      "integrity": "sha512-7gB869czArF+HZcPTVSgvA7tXYFze9EKckvM95NB7SqYF+NnsQyhoXgKnpFwGyo95lUjUW9TFDLUwDXnCYFtkw==",
      "dev": true,
      "requires": {
        "@polymer/polymer": "^3.0.0"
      }
    },
    "@polymer/iron-location": {
      "version": "3.0.1",
      "resolved": "https://registry.npmjs.org/@polymer/iron-location/-/iron-location-3.0.1.tgz",
      "integrity": "sha512-almb+p/fdSi4bxG+vyXjY51fDZxHMxwiug51Lfvr86wZRXN/u21Y6BapxG5n9f0hPSy9fimjIAvaYmozi7VjyQ==",
      "dev": true,
      "requires": {
        "@polymer/polymer": "^3.0.0"
      }
    },
    "@polymer/iron-media-query": {
      "version": "3.0.1",
      "resolved": "https://registry.npmjs.org/@polymer/iron-media-query/-/iron-media-query-3.0.1.tgz",
      "integrity": "sha512-czUX1pm1zfmfcZtq5J57XFkcobBv08Y50exp0/3v8Bos5VL/jv2tU0RwiTfDBxUMhjicGbgwEBFQPY2V5DMzyw==",
      "dev": true,
      "requires": {
        "@polymer/polymer": "^3.0.0"
      }
    },
    "@polymer/iron-resizable-behavior": {
      "version": "3.0.1",
      "resolved": "https://registry.npmjs.org/@polymer/iron-resizable-behavior/-/iron-resizable-behavior-3.0.1.tgz",
      "integrity": "sha512-FyHxRxFspVoRaeZSWpT3y0C9awomb4tXXolIJcZ7RvXhMP632V5lez+ch5G5SwK0LpnAPkg35eB0LPMFv+YMMQ==",
      "dev": true,
      "requires": {
        "@polymer/polymer": "^3.0.0"
      }
    },
    "@polymer/iron-scroll-target-behavior": {
      "version": "3.0.1",
      "resolved": "https://registry.npmjs.org/@polymer/iron-scroll-target-behavior/-/iron-scroll-target-behavior-3.0.1.tgz",
      "integrity": "sha512-xg1WanG25BIkQE8rhuReqY9zx1K5M7F+YAIYpswEp5eyDIaZ1Y3vUmVeQ3KG+hiSugzI1M752azXN7kvyhOBcQ==",
      "dev": true,
      "requires": {
        "@polymer/polymer": "^3.0.0"
      }
    },
    "@polymer/marked-element": {
      "version": "3.0.1",
      "resolved": "https://registry.npmjs.org/@polymer/marked-element/-/marked-element-3.0.1.tgz",
      "integrity": "sha512-WJQzQetxdStVGQbyTBUBgd+hSI0Rl39uJg7b2zL3r6EfMnibzmA/YNT06M8jVZdxPF+B4SumrFWRtasVtGQRUQ==",
      "dev": true,
      "requires": {
        "@polymer/polymer": "^3.0.0",
        "marked": "~0.3.9"
      }
    },
    "@polymer/polymer": {
      "version": "3.2.0",
      "resolved": "https://registry.npmjs.org/@polymer/polymer/-/polymer-3.2.0.tgz",
      "integrity": "sha512-L6uV1oM6T6xbwbVx6t3biG5T2VSSB03LxnIrUd9M2pr6RkHVPFHJ37pC5MUwBAEhkGFJif7eks7fdMMSGZTeEQ==",
      "dev": true,
      "requires": {
        "@webcomponents/shadycss": "^1.8.0"
      }
    },
    "@polymer/prism-element": {
      "version": "3.0.1",
      "resolved": "https://registry.npmjs.org/@polymer/prism-element/-/prism-element-3.0.1.tgz",
      "integrity": "sha512-mam3oZZwVoxmC8i2srCxaTsvCqZF2HX4yxbm1JN9OGZS2JMwu7bnjjk7O8haoj9u6w+ocUi+vTLjYeIIoPx7vQ==",
      "dev": true,
      "requires": {
        "@polymer/polymer": "^3.0.0",
        "prismjs": "^1.11.0"
      }
    },
    "@webcomponents/shadycss": {
      "version": "1.9.1",
      "resolved": "https://registry.npmjs.org/@webcomponents/shadycss/-/shadycss-1.9.1.tgz",
      "integrity": "sha512-IaZOnWOKXHghqk/WfPNDRIgDBi3RsVPY2IFAw6tYiL9UBGvQRy5R6uC+Fk7qTZsReTJ0xh5MTT8yAcb3MUR4mQ==",
      "dev": true
    },
    "@webcomponents/webcomponentsjs": {
      "version": "2.2.10",
      "resolved": "https://registry.npmjs.org/@webcomponents/webcomponentsjs/-/webcomponentsjs-2.2.10.tgz",
      "integrity": "sha512-5dzhUhP+h0qMiK0IWb7VNb0OGBoXO3AuI6Qi8t9PoKT50s5L1jv0xnwnLq+cFgPuTB8FLTNP8xIDmyoOsKBy9Q==",
      "dev": true
    },
    "boo-dialog": {
      "version": "0.0.8",
      "resolved": "https://registry.npmjs.org/boo-dialog/-/boo-dialog-0.0.8.tgz",
      "integrity": "sha512-rxquDEMndnzogd2JZwSqu8etPEKFLcOOAQp/CLr05SAdZnZGZP7INHZY6+Mh0yxB0Wq5XO0GX4oTmZRVGC5Wgg==",
      "requires": {
        "lit-element": "^2.2.0"
      }
    },
    "clipboard": {
      "version": "2.0.4",
      "resolved": "https://registry.npmjs.org/clipboard/-/clipboard-2.0.4.tgz",
      "integrity": "sha512-Vw26VSLRpJfBofiVaFb/I8PVfdI1OxKcYShe6fm0sP/DtmiWQNCjhM/okTvdCo0G+lMMm1rMYbk4IK4x1X+kgQ==",
      "dev": true,
      "optional": true,
      "requires": {
        "good-listener": "^1.2.2",
        "select": "^1.1.2",
        "tiny-emitter": "^2.0.0"
      }
    },
    "commander": {
      "version": "2.20.0",
      "resolved": "https://registry.npmjs.org/commander/-/commander-2.20.0.tgz",
      "integrity": "sha512-7j2y+40w61zy6YC2iRNpUe/NwhNyoXrYpHMrSunaMG64nRnaf96zO/KMQR4OyN/UnE5KLyEBnKHd4aG3rskjpQ=="
    },
    "delegate": {
      "version": "3.2.0",
      "resolved": "https://registry.npmjs.org/delegate/-/delegate-3.2.0.tgz",
      "integrity": "sha512-IofjkYBZaZivn0V8nnsMJGBr4jVLxHDheKSW88PyxS5QC4Vo9ZbZVvhzlSxY87fVq3STR6r+4cGepyHkcWOQSw==",
      "dev": true,
      "optional": true
    },
    "good-listener": {
      "version": "1.2.2",
      "resolved": "https://registry.npmjs.org/good-listener/-/good-listener-1.2.2.tgz",
      "integrity": "sha1-1TswzfkxPf+33JoNR3CWqm0UXFA=",
      "dev": true,
      "optional": true,
      "requires": {
        "delegate": "^3.1.2"
      }
    },
    "katex": {
      "version": "0.11.0",
      "resolved": "https://registry.npmjs.org/katex/-/katex-0.11.0.tgz",
      "integrity": "sha512-RQsU3HSMjLW9AdPpi2zaBwM123goCbUcUbBJfmjcAdA982RgtEUNMmrf+3y8anGjgJLantcNLa/VSK73xztQBg==",
      "requires": {
        "commander": "^2.19.0"
      }
    },
    "lit-element": {
      "version": "2.2.1",
      "resolved": "https://registry.npmjs.org/lit-element/-/lit-element-2.2.1.tgz",
      "integrity": "sha512-ipDcgQ1EpW6Va2Z6dWm79jYdimVepO5GL0eYkZrFvdr0OD/1N260Q9DH+K5HXHFrRoC7dOg+ZpED2XE0TgGdXw==",
      "requires": {
        "lit-html": "^1.0.0"
      }
    },
    "lit-html": {
      "version": "1.1.2",
      "resolved": "https://registry.npmjs.org/lit-html/-/lit-html-1.1.2.tgz",
      "integrity": "sha512-FFlUMKHKi+qG1x1iHNZ1hrtc/zHmfYTyrSvs3/wBTvaNtpZjOZGWzU7efGYVpgp6KvWeKF6ql9/KsCq6Z/mEDA=="
    },
    "marked": {
      "version": "0.3.19",
      "resolved": "https://registry.npmjs.org/marked/-/marked-0.3.19.tgz",
      "integrity": "sha512-ea2eGWOqNxPcXv8dyERdSr/6FmzvWwzjMxpfGB/sbMccXoct+xY+YukPD+QTUZwyvK7BZwcr4m21WBOW41pAkg==",
      "dev": true
    },
    "prismjs": {
      "version": "1.21.0",
      "resolved": "https://registry.npmjs.org/prismjs/-/prismjs-1.21.0.tgz",
      "integrity": "sha512-uGdSIu1nk3kej2iZsLyDoJ7e9bnPzIgY0naW/HdknGj61zScaprVEVGHrPoXqI+M9sP0NDnTK2jpkvmldpuqDw==",
      "dev": true,
      "requires": {
        "clipboard": "^2.0.0"
      }
    },
    "select": {
      "version": "1.1.2",
      "resolved": "https://registry.npmjs.org/select/-/select-1.1.2.tgz",
      "integrity": "sha1-DnNQrN7ICxEIUoeG7B1EGNEbOW0=",
      "dev": true,
      "optional": true
    },
    "shadow-selection-polyfill": {
      "version": "1.0.0",
      "resolved": "https://registry.npmjs.org/shadow-selection-polyfill/-/shadow-selection-polyfill-1.0.0.tgz",
      "integrity": "sha512-HF6RR22NXrAYUyNxdFIecMA9d9MmseVEUhCP1BsQxxxNGNkkhVkQCnOTfmDe18+2d9FsgrIAQL5rNKD5L5xP5A=="
    },
    "tiny-emitter": {
      "version": "2.1.0",
      "resolved": "https://registry.npmjs.org/tiny-emitter/-/tiny-emitter-2.1.0.tgz",
      "integrity": "sha512-NB6Dk1A9xgQPMoGqC5CVXn123gWyte215ONT5Pp5a0yt4nlEoO1ZWeCwpncaekPHXO60i47ihFnZPiRPjRMq4Q==",
      "dev": true,
      "optional": true
    },
    "tslib": {
      "version": "1.10.0",
      "resolved": "https://registry.npmjs.org/tslib/-/tslib-1.10.0.tgz",
      "integrity": "sha512-qOebF53frne81cf0S9B41ByenJ3/IuH8yJKngAX35CmiZySA0khhkovshKK+jGCaMnVomla7gVlIcc3EvKPbTQ=="
    }
  }
}
